
Microsoft Visual Studio Solution File, Format Version 12.00
# Visual Studio Version 16
VisualStudioVersion = 16.0.29209.62
MinimumVisualStudioVersion = 10.0.40219.1
Project("{F184B08F-C81C-45F6-A57F-5ABD9991F28F}") = "Binary search", "Binary search\Binary search.vbproj", "{5A5ACDCD-82A2-4342-BD47-B264DFD45D00}"
EndProject
Global
	GlobalSection(SolutionConfigurationPlatforms) = preSolution
		Debug|Any CPU = Debug|Any CPU
		Release|Any CPU = Release|Any CPU
	EndGlobalSection
	GlobalSection(ProjectConfigurationPlatforms) = postSolution
		{5A5ACDCD-82A2-4342-BD47-B264DFD45D00}.Debug|Any CPU.ActiveCfg = Debug|Any CPU
		{5A5ACDCD-82A2-4342-BD47-B264DFD45D00}.Debug|Any CPU.Build.0 = Debug|Any CPU
		{5A5ACDCD-82A2-4342-BD47-B264DFD45D00}.Release|Any CPU.ActiveCfg = Release|Any CPU
		{5A5ACDCD-82A2-4342-BD47-B264DFD45D00}.Release|Any CPU.Build.0 = Release|Any CPU
	EndGlobalSection
	GlobalSection(SolutionProperties) = preSolution
		HideSolutionNode = FALSE
	EndGlobalSection
	GlobalSection(ExtensibilityGlobals) = postSolution
		SolutionGuid = {7137F873-D7C6-4964-A9AF-B2EB99EBEA7C}
	EndGlobalSection
EndGlobal
